
Microsoft Visual Studio Solution File, Format Version 12.00
# Visual Studio 2012
Project("{FAE04EC0-301F-11D3-BF4B-00C04F79EFBC}") = "GDL_AI_Jam.CSharp.Plugins", "GDL_AI_Jam.CSharp.Plugins.csproj", "{61BE41F1-6EDD-D2F3-B17B-5C5DC6E2A129}"
EndProject
Project("{FAE04EC0-301F-11D3-BF4B-00C04F79EFBC}") = "GDL_AI_Jam.CSharp", "GDL_AI_Jam.CSharp.csproj", "{E87E166A-0A49-30E2-08FD-00ECD7F53246}"
EndProject
Project("{FAE04EC0-301F-11D3-BF4B-00C04F79EFBC}") = "GDL_AI_Jam.CSharp.Editor", "GDL_AI_Jam.CSharp.Editor.csproj", "{58117C5C-94DF-DA4D-16D1-EE8565AF3026}"
EndProject
Global
	GlobalSection(SolutionConfigurationPlatforms) = preSolution
		Debug|Any CPU = Debug|Any CPU
		Release|Any CPU = Release|Any CPU
	EndGlobalSection
	GlobalSection(ProjectConfigurationPlatforms) = postSolution
		{61BE41F1-6EDD-D2F3-B17B-5C5DC6E2A129}.Debug|Any CPU.ActiveCfg = Debug|Any CPU
		{61BE41F1-6EDD-D2F3-B17B-5C5DC6E2A129}.Debug|Any CPU.Build.0 = Debug|Any CPU
		{61BE41F1-6EDD-D2F3-B17B-5C5DC6E2A129}.Release|Any CPU.ActiveCfg = Release|Any CPU
		{61BE41F1-6EDD-D2F3-B17B-5C5DC6E2A129}.Release|Any CPU.Build.0 = Release|Any CPU
		{E87E166A-0A49-30E2-08FD-00ECD7F53246}.Debug|Any CPU.ActiveCfg = Debug|Any CPU
		{E87E166A-0A49-30E2-08FD-00ECD7F53246}.Debug|Any CPU.Build.0 = Debug|Any CPU
		{E87E166A-0A49-30E2-08FD-00ECD7F53246}.Release|Any CPU.ActiveCfg = Release|Any CPU
		{E87E166A-0A49-30E2-08FD-00ECD7F53246}.Release|Any CPU.Build.0 = Release|Any CPU
		{58117C5C-94DF-DA4D-16D1-EE8565AF3026}.Debug|Any CPU.ActiveCfg = Debug|Any CPU
		{58117C5C-94DF-DA4D-16D1-EE8565AF3026}.Debug|Any CPU.Build.0 = Debug|Any CPU
		{58117C5C-94DF-DA4D-16D1-EE8565AF3026}.Release|Any CPU.ActiveCfg = Release|Any CPU
		{58117C5C-94DF-DA4D-16D1-EE8565AF3026}.Release|Any CPU.Build.0 = Release|Any CPU
	EndGlobalSection
	GlobalSection(SolutionProperties) = preSolution
		HideSolutionNode = FALSE
	EndGlobalSection
EndGlobal
